
Microsoft Visual Studio Solution File, Format Version 12.00
# Visual Studio Version 17
VisualStudioVersion = 17.0.32014.148
MinimumVisualStudioVersion = 10.0.40219.1
Project("{FAE04EC0-301F-11D3-BF4B-00C04F79EFBC}") = "Megasware128.InternalToPublic", "Megasware128.InternalToPublic\Megasware128.InternalToPublic.csproj", "{68B9A82D-25A1-4132-9CCB-CBFB389F895E}"
EndProject
Project("{9A19103F-16F7-4668-BE54-9A1E7A4F7556}") = "_build", "build\_build.csproj", "{5EBA131F-C42A-415B-B63F-28EEDCBA7D9A}"
EndProject
Global
	GlobalSection(SolutionConfigurationPlatforms) = preSolution
		Debug|Any CPU = Debug|Any CPU
		Release|Any CPU = Release|Any CPU
	EndGlobalSection
	GlobalSection(ProjectConfigurationPlatforms) = postSolution
		{5EBA131F-C42A-415B-B63F-28EEDCBA7D9A}.Debug|Any CPU.ActiveCfg = Debug|Any CPU
		{5EBA131F-C42A-415B-B63F-28EEDCBA7D9A}.Release|Any CPU.ActiveCfg = Release|Any CPU
		{68B9A82D-25A1-4132-9CCB-CBFB389F895E}.Debug|Any CPU.ActiveCfg = Debug|Any CPU
		{68B9A82D-25A1-4132-9CCB-CBFB389F895E}.Debug|Any CPU.Build.0 = Debug|Any CPU
		{68B9A82D-25A1-4132-9CCB-CBFB389F895E}.Release|Any CPU.ActiveCfg = Release|Any CPU
		{68B9A82D-25A1-4132-9CCB-CBFB389F895E}.Release|Any CPU.Build.0 = Release|Any CPU
	EndGlobalSection
	GlobalSection(SolutionProperties) = preSolution
		HideSolutionNode = FALSE
	EndGlobalSection
	GlobalSection(ExtensibilityGlobals) = postSolution
		SolutionGuid = {28C86F62-D9B8-4950-830D-B4564810DB97}
	EndGlobalSection
EndGlobal
